
Microsoft Visual Studio Solution File, Format Version 12.00
# Visual Studio Version 16
VisualStudioVersion = 16.0.29123.88
MinimumVisualStudioVersion = 10.0.40219.1
Project("{FAE04EC0-301F-11D3-BF4B-00C04F79EFBC}") = "AlphaApplication", "AlphaApplication\AlphaApplication.csproj", "{9928F60E-9AC5-4DEE-8B29-5EA2A54C7682}"
EndProject
Global
	GlobalSection(SolutionConfigurationPlatforms) = preSolution
		Debug|Any CPU = Debug|Any CPU
		Release|Any CPU = Release|Any CPU
	EndGlobalSection
	GlobalSection(ProjectConfigurationPlatforms) = postSolution
		{9928F60E-9AC5-4DEE-8B29-5EA2A54C7682}.Debug|Any CPU.ActiveCfg = Debug|Any CPU
		{9928F60E-9AC5-4DEE-8B29-5EA2A54C7682}.Debug|Any CPU.Build.0 = Debug|Any CPU
		{9928F60E-9AC5-4DEE-8B29-5EA2A54C7682}.Release|Any CPU.ActiveCfg = Release|Any CPU
		{9928F60E-9AC5-4DEE-8B29-5EA2A54C7682}.Release|Any CPU.Build.0 = Release|Any CPU
	EndGlobalSection
	GlobalSection(SolutionProperties) = preSolution
		HideSolutionNode = FALSE
	EndGlobalSection
	GlobalSection(ExtensibilityGlobals) = postSolution
		SolutionGuid = {F2BA19A6-F7DF-4B4C-B5E1-718AD7870CBD}
	EndGlobalSection
EndGlobal
